{
  "nodes": {
    "flake-utils": {
      "locked": {
        "lastModified": 1610051610,
        "narHash": "sha256-U9rPz/usA1/Aohhk7Cmc2gBrEEKRzcW4nwPWMPwja4Y=",
        "owner": "numtide",
        "repo": "flake-utils",
        "rev": "3982c9903e93927c2164caa727cd3f6a0e6d14cc",
        "type": "github"
      },
      "original": {
        "owner": "numtide",
        "repo": "flake-utils",
        "type": "github"
      }
    },
    "home": {
      "inputs": {
        "nixpkgs": "nixpkgs"
      },
      "locked": {
        "lastModified": 1611323638,
        "narHash": "sha256-+7wm2RH82NYTZjzl0Nw+8E4yyXqVp/6xPdPWHAQXlt8=",
        "owner": "nix-community",
        "repo": "home-manager",
        "rev": "91bd34620d73340be03642279ee0d1c64110ee6c",
        "type": "github"
      },
      "original": {
        "owner": "nix-community",
        "ref": "release-20.09",
        "repo": "home-manager",
        "type": "github"
      }
    },
    "master": {
      "locked": {
        "lastModified": 1611830561,
        "narHash": "sha256-gdA4OtfuOgwr3rjZ3BxJK+eFXlaHk7QyhSY0m3fZsyQ=",
        "owner": "NixOS",
        "repo": "nixpkgs",
        "rev": "a46794ffe9c9c3bde02a00017e3ac8fc630b0999",
        "type": "github"
      },
      "original": {
        "id": "nixpkgs",
        "ref": "master",
        "type": "indirect"
      }
    },
    "nixos": {
      "locked": {
        "lastModified": 1611822524,
        "narHash": "sha256-p4fyeWjb786QJwVu1lLkfxKzQ11OxXPrqiqtxdI1Ay0=",
        "owner": "NixOS",
        "repo": "nixpkgs",
        "rev": "b5339fc8d5cb87145e3c33d9850f6a607e6ac0af",
        "type": "github"
      },
      "original": {
        "id": "nixpkgs",
        "ref": "release-20.09",
        "type": "indirect"
      }
    },
    "nixpkgs": {
      "locked": {
        "lastModified": 1611829825,
        "narHash": "sha256-CzoN7EVSzx/Iy3TMMkEALEYtPsbpLiyz3g1WmqQuSRI=",
        "owner": "NixOS",
        "repo": "nixpkgs",
        "rev": "b43756e22b3128f9415fdcd954a5b1e3b865680a",
        "type": "github"
      },
      "original": {
        "id": "nixpkgs",
        "type": "indirect"
      }
    },
    "nur": {
      "locked": {
        "lastModified": 1611799811,
        "narHash": "sha256-Hv991iOJIN6zJOP6GF9tPFDtqMH05MARXFkzJROZRfw=",
        "owner": "nix-community",
        "repo": "NUR",
        "rev": "33fcb6d667f86e48ad2a7547fefa7bdd4b3099c2",
        "type": "github"
      },
      "original": {
        "id": "nur",
        "type": "indirect"
      }
    },
    "root": {
      "inputs": {
        "flake-utils": "flake-utils",
        "home": "home",
        "master": "master",
        "nixos": "nixos",
        "nur": "nur"
      }
    }
  },
  "root": "root",
  "version": 7
}
