{
  "nodes": {
    "flake-utils": {
      "locked": {
        "lastModified": 1610051610,
        "narHash": "sha256-U9rPz/usA1/Aohhk7Cmc2gBrEEKRzcW4nwPWMPwja4Y=",
        "owner": "numtide",
        "repo": "flake-utils",
        "rev": "3982c9903e93927c2164caa727cd3f6a0e6d14cc",
        "type": "github"
      },
      "original": {
        "owner": "numtide",
        "repo": "flake-utils",
        "type": "github"
      }
    },
    "home": {
      "inputs": {
        "nixpkgs": "nixpkgs"
      },
      "locked": {
        "lastModified": 1612902587,
        "narHash": "sha256-VZ7Z1OMFf5ReObu3CCVBsC2DWloTYDjqW1onUKejVrE=",
        "owner": "nix-community",
        "repo": "home-manager",
        "rev": "209566c752c4428c7692c134731971193f06b37c",
        "type": "github"
      },
      "original": {
        "owner": "nix-community",
        "ref": "release-20.09",
        "repo": "home-manager",
        "type": "github"
      }
    },
    "master": {
      "locked": {
        "lastModified": 1613039270,
        "narHash": "sha256-vSu4h07hlEWQ+gwyR0tm/xk31+N90pBumZ8gsZM87rM=",
        "owner": "NixOS",
        "repo": "nixpkgs",
        "rev": "3155a9e966ab674f8f228ae0d0f8b7f2de8a3bd5",
        "type": "github"
      },
      "original": {
        "id": "nixpkgs",
        "ref": "master",
        "type": "indirect"
      }
    },
    "nixos": {
      "locked": {
        "lastModified": 1612995862,
        "narHash": "sha256-VJPQtC8WDPvQVQGolJqp2i43Yr9bvbyqGK3oWMa5+8g=",
        "owner": "NixOS",
        "repo": "nixpkgs",
        "rev": "2394284537b89471c87065b040d3dedd8b5907fe",
        "type": "github"
      },
      "original": {
        "id": "nixpkgs",
        "ref": "release-20.09",
        "type": "indirect"
      }
    },
    "nixpkgs": {
      "locked": {
        "lastModified": 1613039270,
        "narHash": "sha256-vSu4h07hlEWQ+gwyR0tm/xk31+N90pBumZ8gsZM87rM=",
        "owner": "NixOS",
        "repo": "nixpkgs",
        "rev": "3155a9e966ab674f8f228ae0d0f8b7f2de8a3bd5",
        "type": "github"
      },
      "original": {
        "id": "nixpkgs",
        "type": "indirect"
      }
    },
    "nur": {
      "locked": {
        "lastModified": 1613036457,
        "narHash": "sha256-/fQkFJKJxwPx57Z9Z9Hc24mxJ4zh+0okzsDF0E9xO6I=",
        "owner": "nix-community",
        "repo": "NUR",
        "rev": "e450cffa8cce5dcb671a9c44ade331d13db35603",
        "type": "github"
      },
      "original": {
        "id": "nur",
        "type": "indirect"
      }
    },
    "root": {
      "inputs": {
        "flake-utils": "flake-utils",
        "home": "home",
        "master": "master",
        "nixos": "nixos",
        "nur": "nur"
      }
    }
  },
  "root": "root",
  "version": 7
}
