{
  "nodes": {
    "flake-utils": {
      "locked": {
        "lastModified": 1610051610,
        "narHash": "sha256-U9rPz/usA1/Aohhk7Cmc2gBrEEKRzcW4nwPWMPwja4Y=",
        "owner": "numtide",
        "repo": "flake-utils",
        "rev": "3982c9903e93927c2164caa727cd3f6a0e6d14cc",
        "type": "github"
      },
      "original": {
        "owner": "numtide",
        "repo": "flake-utils",
        "type": "github"
      }
    },
    "home": {
      "inputs": {
        "nixpkgs": "nixpkgs"
      },
      "locked": {
        "lastModified": 1611323638,
        "narHash": "sha256-+7wm2RH82NYTZjzl0Nw+8E4yyXqVp/6xPdPWHAQXlt8=",
        "owner": "nix-community",
        "repo": "home-manager",
        "rev": "91bd34620d73340be03642279ee0d1c64110ee6c",
        "type": "github"
      },
      "original": {
        "owner": "nix-community",
        "ref": "release-20.09",
        "repo": "home-manager",
        "type": "github"
      }
    },
    "master": {
      "locked": {
        "lastModified": 1612782541,
        "narHash": "sha256-74BtqNFi2WJOPzXgYSkE1snFR7lZPXZ7lsCI4dIBAAk=",
        "owner": "NixOS",
        "repo": "nixpkgs",
        "rev": "5b6ee7a3af1e5ccc4dac97f2ef56a37099235f16",
        "type": "github"
      },
      "original": {
        "id": "nixpkgs",
        "ref": "master",
        "type": "indirect"
      }
    },
    "nixos": {
      "locked": {
        "lastModified": 1612766977,
        "narHash": "sha256-Qu96sDo2/UfMBy1XUzn5qJ/te62TMJYyqZUxaiDotIw=",
        "owner": "NixOS",
        "repo": "nixpkgs",
        "rev": "18a8ea7b4741a06f60c5061c8364c90ec28e89da",
        "type": "github"
      },
      "original": {
        "id": "nixpkgs",
        "ref": "release-20.09",
        "type": "indirect"
      }
    },
    "nixpkgs": {
      "locked": {
        "lastModified": 1612782541,
        "narHash": "sha256-74BtqNFi2WJOPzXgYSkE1snFR7lZPXZ7lsCI4dIBAAk=",
        "owner": "NixOS",
        "repo": "nixpkgs",
        "rev": "5b6ee7a3af1e5ccc4dac97f2ef56a37099235f16",
        "type": "github"
      },
      "original": {
        "id": "nixpkgs",
        "type": "indirect"
      }
    },
    "nur": {
      "locked": {
        "lastModified": 1612775961,
        "narHash": "sha256-UOMFHuG55R7hEX/R3y0xlN7QBgVe1yMKpIEEqNL94XQ=",
        "owner": "nix-community",
        "repo": "NUR",
        "rev": "9cbaafb6a030ac094b982fabac975a3e29f749d5",
        "type": "github"
      },
      "original": {
        "id": "nur",
        "type": "indirect"
      }
    },
    "root": {
      "inputs": {
        "flake-utils": "flake-utils",
        "home": "home",
        "master": "master",
        "nixos": "nixos",
        "nur": "nur"
      }
    }
  },
  "root": "root",
  "version": 7
}
